
Microsoft Visual Studio Solution File, Format Version 12.00
# Visual Studio 15
VisualStudioVersion = 15.0.28010.2046
MinimumVisualStudioVersion = 10.0.40219.1
Project("{FAE04EC0-301F-11D3-BF4B-00C04F79EFBC}") = "WinEventErrorDemo", "WinEventErrorDemo\WinEventErrorDemo.csproj", "{6EA252DA-939B-45FF-8773-C92EC9A63554}"
EndProject
Global
	GlobalSection(SolutionConfigurationPlatforms) = preSolution
		Debug|Any CPU = Debug|Any CPU
		Release|Any CPU = Release|Any CPU
	EndGlobalSection
	GlobalSection(ProjectConfigurationPlatforms) = postSolution
		{6EA252DA-939B-45FF-8773-C92EC9A63554}.Debug|Any CPU.ActiveCfg = Debug|Any CPU
		{6EA252DA-939B-45FF-8773-C92EC9A63554}.Debug|Any CPU.Build.0 = Debug|Any CPU
		{6EA252DA-939B-45FF-8773-C92EC9A63554}.Release|Any CPU.ActiveCfg = Release|Any CPU
		{6EA252DA-939B-45FF-8773-C92EC9A63554}.Release|Any CPU.Build.0 = Release|Any CPU
	EndGlobalSection
	GlobalSection(SolutionProperties) = preSolution
		HideSolutionNode = FALSE
	EndGlobalSection
	GlobalSection(ExtensibilityGlobals) = postSolution
		SolutionGuid = {4DD9146B-A99E-4874-BD88-EE9432AF91D0}
	EndGlobalSection
EndGlobal
